// !$*UTF8*$!
{
	archiveVersion = 1;
	classes = {
	};
	objectVersion = 56;
	objects = {

/* Begin PBXBuildFile section */
		212D1EAC292B53BD0079ECF2 /* TestSirenViewController.swift in Sources */ = {isa = PBXBuildFile; fileRef = 212D1EAB292B53BD0079ECF2 /* TestSirenViewController.swift */; };
		213B6975292DD5D40085C3B9 /* BoardViewController.swift in Sources */ = {isa = PBXBuildFile; fileRef = 213B6974292DD5D40085C3B9 /* BoardViewController.swift */; };
		217D3F7429376E2800D810A5 /* StarCollectCongratsViewController.swift in Sources */ = {isa = PBXBuildFile; fileRef = 217D3F7329376E2800D810A5 /* StarCollectCongratsViewController.swift */; };
		217D3F76293771F700D810A5 /* Badge.swift in Sources */ = {isa = PBXBuildFile; fileRef = 217D3F75293771F700D810A5 /* Badge.swift */; };
		217D3F78293785CA00D810A5 /* BoardViewController+Extension.swift in Sources */ = {isa = PBXBuildFile; fileRef = 217D3F77293785CA00D810A5 /* BoardViewController+Extension.swift */; };
		21882899292C935C00C9D94B /* SoundLiteral.swift in Sources */ = {isa = PBXBuildFile; fileRef = 21882898292C935C00C9D94B /* SoundLiteral.swift */; };
		21B6F7C329373F5C001FAD5F /* CommonBadgeInfoComponent.swift in Sources */ = {isa = PBXBuildFile; fileRef = 21B6F7C229373F5C001FAD5F /* CommonBadgeInfoComponent.swift */; };
		21BC09312935A04C0019572D /* HideBadgeView.swift in Sources */ = {isa = PBXBuildFile; fileRef = 21BC09302935A04C0019572D /* HideBadgeView.swift */; };
		21CBBB6D292E1DBF0067FE17 /* BadgeCollectionViewCell.swift in Sources */ = {isa = PBXBuildFile; fileRef = 21CBBB6C292E1DBF0067FE17 /* BadgeCollectionViewCell.swift */; };
		35A8020829376FF50052451A /* OpenSourceViewController.swift in Sources */ = {isa = PBXBuildFile; fileRef = 35A8020729376FF50052451A /* OpenSourceViewController.swift */; };
		3518CAFA2934D3D30076C3E3 /* AfterTimerDetailViewController.swift in Sources */ = {isa = PBXBuildFile; fileRef = 3518CAF92934D3D30076C3E3 /* AfterTimerDetailViewController.swift */; };
		35356FF82936CF1200B15F11 /* NumberCollectionViewCell.swift in Sources */ = {isa = PBXBuildFile; fileRef = 35356FF72936CF1200B15F11 /* NumberCollectionViewCell.swift */; };
		35A801E629374D1E0052451A /* siren.mp3 in Resources */ = {isa = PBXBuildFile; fileRef = 35A801E529374D1E0052451A /* siren.mp3 */; };
		35A801E929374D2A0052451A /* failure.mp3 in Resources */ = {isa = PBXBuildFile; fileRef = 35A801E729374D2A0052451A /* failure.mp3 */; };
		35A801EA29374D2A0052451A /* success.mp3 in Resources */ = {isa = PBXBuildFile; fileRef = 35A801E829374D2A0052451A /* success.mp3 */; };
		35A801F329374D5C0052451A /* scene2.mp3 in Resources */ = {isa = PBXBuildFile; fileRef = 35A801EB29374D5B0052451A /* scene2.mp3 */; };
		35A801F429374D5C0052451A /* scene7.mp3 in Resources */ = {isa = PBXBuildFile; fileRef = 35A801EC29374D5B0052451A /* scene7.mp3 */; };
		35A801F529374D5C0052451A /* scene3.mp3 in Resources */ = {isa = PBXBuildFile; fileRef = 35A801ED29374D5B0052451A /* scene3.mp3 */; };
		35A801F629374D5C0052451A /* scene5.mp3 in Resources */ = {isa = PBXBuildFile; fileRef = 35A801EE29374D5B0052451A /* scene5.mp3 */; };
		35A801F729374D5C0052451A /* scene6.mp3 in Resources */ = {isa = PBXBuildFile; fileRef = 35A801EF29374D5B0052451A /* scene6.mp3 */; };
		35A801F829374D5C0052451A /* scene1.mp3 in Resources */ = {isa = PBXBuildFile; fileRef = 35A801F029374D5B0052451A /* scene1.mp3 */; };
		35A801F929374D5C0052451A /* scene8to12.mp3 in Resources */ = {isa = PBXBuildFile; fileRef = 35A801F129374D5B0052451A /* scene8to12.mp3 */; };
		35A801FA29374D5C0052451A /* scene4.mp3 in Resources */ = {isa = PBXBuildFile; fileRef = 35A801F229374D5C0052451A /* scene4.mp3 */; };
		35A801FD29374D710052451A /* character.mp3 in Resources */ = {isa = PBXBuildFile; fileRef = 35A801FB29374D700052451A /* character.mp3 */; };
		35A801FE29374D710052451A /* choiceLikeGoOut.mp3 in Resources */ = {isa = PBXBuildFile; fileRef = 35A801FC29374D710052451A /* choiceLikeGoOut.mp3 */; };
		35A8020029374D7E0052451A /* agentCard.mp3 in Resources */ = {isa = PBXBuildFile; fileRef = 35A801FF29374D7E0052451A /* agentCard.mp3 */; };
		35A8020329374D920052451A /* coinCheck.mp3 in Resources */ = {isa = PBXBuildFile; fileRef = 35A8020129374D920052451A /* coinCheck.mp3 */; };
		35A8020429374D920052451A /* starBadgeGain.mp3 in Resources */ = {isa = PBXBuildFile; fileRef = 35A8020229374D920052451A /* starBadgeGain.mp3 */; };
		35A8020629374DDC0052451A /* SoundManager.swift in Sources */ = {isa = PBXBuildFile; fileRef = 35A8020529374DDC0052451A /* SoundManager.swift */; };
		35BD54A22925D497008F96AC /* AppDelegate.swift in Sources */ = {isa = PBXBuildFile; fileRef = 35BD54A12925D497008F96AC /* AppDelegate.swift */; };
		35BD54A42925D497008F96AC /* SceneDelegate.swift in Sources */ = {isa = PBXBuildFile; fileRef = 35BD54A32925D497008F96AC /* SceneDelegate.swift */; };
		35BD54A92925D497008F96AC /* Main.storyboard in Resources */ = {isa = PBXBuildFile; fileRef = 35BD54A72925D497008F96AC /* Main.storyboard */; };
		35BD54AC2925D497008F96AC /* SecretAgent.xcdatamodeld in Sources */ = {isa = PBXBuildFile; fileRef = 35BD54AA2925D497008F96AC /* SecretAgent.xcdatamodeld */; };
		35BD54AE2925D498008F96AC /* Assets.xcassets in Resources */ = {isa = PBXBuildFile; fileRef = 35BD54AD2925D498008F96AC /* Assets.xcassets */; };
		35BD54B12925D498008F96AC /* LaunchScreen.storyboard in Resources */ = {isa = PBXBuildFile; fileRef = 35BD54AF2925D498008F96AC /* LaunchScreen.storyboard */; };
		35BD54BC2925D498008F96AC /* SecretAgentTests.swift in Sources */ = {isa = PBXBuildFile; fileRef = 35BD54BB2925D498008F96AC /* SecretAgentTests.swift */; };
		35BD54C62925D498008F96AC /* SecretAgentUITests.swift in Sources */ = {isa = PBXBuildFile; fileRef = 35BD54C52925D498008F96AC /* SecretAgentUITests.swift */; };
		35BD54C82925D498008F96AC /* SecretAgentUITestsLaunchTests.swift in Sources */ = {isa = PBXBuildFile; fileRef = 35BD54C72925D498008F96AC /* SecretAgentUITestsLaunchTests.swift */; };
		35BD54D62925D75A008F96AC /* SnapKit in Frameworks */ = {isa = PBXBuildFile; productRef = 35BD54D52925D75A008F96AC /* SnapKit */; };
		35BD54D92925ED92008F96AC /* .swiftlint.yml in Resources */ = {isa = PBXBuildFile; fileRef = 35BD54D82925ED92008F96AC /* .swiftlint.yml */; };
		35BD54FD2925FEA5008F96AC /* NSObject+Extension.swift in Sources */ = {isa = PBXBuildFile; fileRef = 35BD54FC2925FEA5008F96AC /* NSObject+Extension.swift */; };
		35BD54FF2925FEAC008F96AC /* UITableView+Extension.swift in Sources */ = {isa = PBXBuildFile; fileRef = 35BD54FE2925FEAC008F96AC /* UITableView+Extension.swift */; };
		35BD55012925FEB5008F96AC /* Color+Extension.swift in Sources */ = {isa = PBXBuildFile; fileRef = 35BD55002925FEB5008F96AC /* Color+Extension.swift */; };
		35BD55032925FEC3008F96AC /* UIViewController+Extension.swift in Sources */ = {isa = PBXBuildFile; fileRef = 35BD55022925FEC3008F96AC /* UIViewController+Extension.swift */; };
		35BD55052925FED5008F96AC /* UICollectionView+Extension.swift in Sources */ = {isa = PBXBuildFile; fileRef = 35BD55042925FED5008F96AC /* UICollectionView+Extension.swift */; };
		35BD55072925FEE0008F96AC /* UIViewController+Alert.swift in Sources */ = {isa = PBXBuildFile; fileRef = 35BD55062925FEE0008F96AC /* UIViewController+Alert.swift */; };
		35BD55092925FEEA008F96AC /* UIFont+Extension.swift in Sources */ = {isa = PBXBuildFile; fileRef = 35BD55082925FEEA008F96AC /* UIFont+Extension.swift */; };
		35BD550D2925FF10008F96AC /* BaseTableViewCell.swift in Sources */ = {isa = PBXBuildFile; fileRef = 35BD550A2925FF10008F96AC /* BaseTableViewCell.swift */; };
		35BD550E2925FF10008F96AC /* BaseCollectionViewCell.swift in Sources */ = {isa = PBXBuildFile; fileRef = 35BD550B2925FF10008F96AC /* BaseCollectionViewCell.swift */; };
		35BD550F2925FF10008F96AC /* BaseViewController.swift in Sources */ = {isa = PBXBuildFile; fileRef = 35BD550C2925FF10008F96AC /* BaseViewController.swift */; };
		35BD551129260026008F96AC /* ImageLiteral.swift in Sources */ = {isa = PBXBuildFile; fileRef = 35BD551029260026008F96AC /* ImageLiteral.swift */; };
		35BD55172928AA62008F96AC /* SirenViewController.swift in Sources */ = {isa = PBXBuildFile; fileRef = 35BD55162928AA62008F96AC /* SirenViewController.swift */; };
		35BD551B2928AA9F008F96AC /* ProgressBar.swift in Sources */ = {isa = PBXBuildFile; fileRef = 35BD551A2928AA9F008F96AC /* ProgressBar.swift */; };
		35BD551D2928AAAE008F96AC /* CountDownTimer.swift in Sources */ = {isa = PBXBuildFile; fileRef = 35BD551C2928AAAE008F96AC /* CountDownTimer.swift */; };
		35C9129A2936CF7800A2EB3C /* CalculatorResultView.swift in Sources */ = {isa = PBXBuildFile; fileRef = 35C912992936CF7800A2EB3C /* CalculatorResultView.swift */; };
		35C9129C2936CFB000A2EB3C /* UnlockViewController.swift in Sources */ = {isa = PBXBuildFile; fileRef = 35C9129B2936CFB000A2EB3C /* UnlockViewController.swift */; };
		35DCD6972934CC2D00FAC021 /* AfterTimerViewController.swift in Sources */ = {isa = PBXBuildFile; fileRef = 35DCD6962934CC2D00FAC021 /* AfterTimerViewController.swift */; };
		B523CB2729264FCD00E39C9E /* .swiftformat in Resources */ = {isa = PBXBuildFile; fileRef = B523CB2629264FCD00E39C9E /* .swiftformat */; };
		B5587A4C2934DD2700613B95 /* AgentCardThumbnail.swift in Sources */ = {isa = PBXBuildFile; fileRef = B5587A4B2934DD2700613B95 /* AgentCardThumbnail.swift */; };
		B5587A4E2934DDD000613B95 /* TodayBadge.swift in Sources */ = {isa = PBXBuildFile; fileRef = B5587A4D2934DDD000613B95 /* TodayBadge.swift */; };
		B5587A502934DED000613B95 /* BaseNavigationController.swift in Sources */ = {isa = PBXBuildFile; fileRef = B5587A4F2934DED000613B95 /* BaseNavigationController.swift */; };
		B5587A692936E59700613B95 /* ONE-Mobile-POP-OTF.otf in Resources */ = {isa = PBXBuildFile; fileRef = B5587A682936E59700613B95 /* ONE-Mobile-POP-OTF.otf */; };
		B5587A702936F2B000613B95 /* AgentCardView.swift in Sources */ = {isa = PBXBuildFile; fileRef = B5587A6F2936F2B000613B95 /* AgentCardView.swift */; };
		B5587A72293713A900613B95 /* AgentCardViewController.swift in Sources */ = {isa = PBXBuildFile; fileRef = B5587A71293713A800613B95 /* AgentCardViewController.swift */; };
		B574F62F292B9C7300E8E268 /* UserNotificationService.swift in Sources */ = {isa = PBXBuildFile; fileRef = B574F62E292B9C7300E8E268 /* UserNotificationService.swift */; };
		B576A1942930B2AD006F9E8F /* MainTabViewController.swift in Sources */ = {isa = PBXBuildFile; fileRef = B576A1932930B2AD006F9E8F /* MainTabViewController.swift */; };
		B576A1D62930FFD3006F9E8F /* Preview+Extension.swift in Sources */ = {isa = PBXBuildFile; fileRef = B576A1D52930FFD3006F9E8F /* Preview+Extension.swift */; };
		CE0A5C1E2931B92F00695FEC /* AgentSelectionViewController.swift in Sources */ = {isa = PBXBuildFile; fileRef = CE0A5C1D2931B92F00695FEC /* AgentSelectionViewController.swift */; };
		CE0A5C202931B97200695FEC /* Agent.swift in Sources */ = {isa = PBXBuildFile; fileRef = CE0A5C1F2931B97200695FEC /* Agent.swift */; };
		CE0A5C272931BF1800695FEC /* AgentStackViewCell.swift in Sources */ = {isa = PBXBuildFile; fileRef = CE0A5C262931BF1800695FEC /* AgentStackViewCell.swift */; };
		CE0A5C292931C45700695FEC /* BaseButton.swift in Sources */ = {isa = PBXBuildFile; fileRef = CE0A5C282931C45700695FEC /* BaseButton.swift */; };
		CE4200C7292B9C28005D92E7 /* CoreDataManager.swift in Sources */ = {isa = PBXBuildFile; fileRef = CE4200C6292B9C28005D92E7 /* CoreDataManager.swift */; };
		CE8B0B57292E097D002BF6EE /* BadgeManager.swift in Sources */ = {isa = PBXBuildFile; fileRef = CE8B0B56292E097D002BF6EE /* BadgeManager.swift */; };
		CE990CF22936664900887913 /* OnBoardingViewController.swift in Sources */ = {isa = PBXBuildFile; fileRef = CE990CF12936664900887913 /* OnBoardingViewController.swift */; };
		CECB41B52936E5660000A3A6 /* onBoardingTableViewCell.swift in Sources */ = {isa = PBXBuildFile; fileRef = CECB41B42936E5660000A3A6 /* onBoardingTableViewCell.swift */; };
		CECB41B72936E61B0000A3A6 /* Guide.swift in Sources */ = {isa = PBXBuildFile; fileRef = CECB41B62936E61B0000A3A6 /* Guide.swift */; };
		CECB41BA293725FF0000A3A6 /* Story.swift in Sources */ = {isa = PBXBuildFile; fileRef = CECB41B9293725FF0000A3A6 /* Story.swift */; };
		CECB41BC293726370000A3A6 /* StoryViewController .swift in Sources */ = {isa = PBXBuildFile; fileRef = CECB41BB293726370000A3A6 /* StoryViewController .swift */; };
		CEFBA37629365EFA002FF1DC /* AgentSelectionCompleteViewController.swift in Sources */ = {isa = PBXBuildFile; fileRef = CEFBA37529365EFA002FF1DC /* AgentSelectionCompleteViewController.swift */; };
		CEFBA37829365EFE002FF1DC /* AgentCardIssuanceViewController.swift in Sources */ = {isa = PBXBuildFile; fileRef = CEFBA37729365EFE002FF1DC /* AgentCardIssuanceViewController.swift */; };
/* End PBXBuildFile section */

/* Begin PBXContainerItemProxy section */
		35BD54B82925D498008F96AC /* PBXContainerItemProxy */ = {
			isa = PBXContainerItemProxy;
			containerPortal = 35BD54962925D497008F96AC /* Project object */;
			proxyType = 1;
			remoteGlobalIDString = 35BD549D2925D497008F96AC;
			remoteInfo = SecretAgent;
		};
		35BD54C22925D498008F96AC /* PBXContainerItemProxy */ = {
			isa = PBXContainerItemProxy;
			containerPortal = 35BD54962925D497008F96AC /* Project object */;
			proxyType = 1;
			remoteGlobalIDString = 35BD549D2925D497008F96AC;
			remoteInfo = SecretAgent;
		};
/* End PBXContainerItemProxy section */

/* Begin PBXFileReference section */
		212D1EAB292B53BD0079ECF2 /* TestSirenViewController.swift */ = {isa = PBXFileReference; lastKnownFileType = sourcecode.swift; path = TestSirenViewController.swift; sourceTree = "<group>"; };
		213B6974292DD5D40085C3B9 /* BoardViewController.swift */ = {isa = PBXFileReference; lastKnownFileType = sourcecode.swift; path = BoardViewController.swift; sourceTree = "<group>"; };
		217D3F7329376E2800D810A5 /* StarCollectCongratsViewController.swift */ = {isa = PBXFileReference; lastKnownFileType = sourcecode.swift; path = StarCollectCongratsViewController.swift; sourceTree = "<group>"; };
		217D3F75293771F700D810A5 /* Badge.swift */ = {isa = PBXFileReference; lastKnownFileType = sourcecode.swift; path = Badge.swift; sourceTree = "<group>"; };
		217D3F77293785CA00D810A5 /* BoardViewController+Extension.swift */ = {isa = PBXFileReference; lastKnownFileType = sourcecode.swift; path = "BoardViewController+Extension.swift"; sourceTree = "<group>"; };
		21882898292C935C00C9D94B /* SoundLiteral.swift */ = {isa = PBXFileReference; lastKnownFileType = sourcecode.swift; path = SoundLiteral.swift; sourceTree = "<group>"; };
		21B6F7C229373F5C001FAD5F /* CommonBadgeInfoComponent.swift */ = {isa = PBXFileReference; lastKnownFileType = sourcecode.swift; path = CommonBadgeInfoComponent.swift; sourceTree = "<group>"; };
		21BC09302935A04C0019572D /* HideBadgeView.swift */ = {isa = PBXFileReference; lastKnownFileType = sourcecode.swift; path = HideBadgeView.swift; sourceTree = "<group>"; };
		21CBBB6C292E1DBF0067FE17 /* BadgeCollectionViewCell.swift */ = {isa = PBXFileReference; lastKnownFileType = sourcecode.swift; path = BadgeCollectionViewCell.swift; sourceTree = "<group>"; };
		35A8020729376FF50052451A /* OpenSourceViewController.swift */ = {isa = PBXFileReference; lastKnownFileType = sourcecode.swift; path = OpenSourceViewController.swift; sourceTree = "<group>"; };
		3518CAF92934D3D30076C3E3 /* AfterTimerDetailViewController.swift */ = {isa = PBXFileReference; lastKnownFileType = sourcecode.swift; path = AfterTimerDetailViewController.swift; sourceTree = "<group>"; };
		35356FF72936CF1200B15F11 /* NumberCollectionViewCell.swift */ = {isa = PBXFileReference; lastKnownFileType = sourcecode.swift; path = NumberCollectionViewCell.swift; sourceTree = "<group>"; };
		35A801E529374D1E0052451A /* siren.mp3 */ = {isa = PBXFileReference; lastKnownFileType = audio.mp3; path = siren.mp3; sourceTree = "<group>"; };
		35A801E729374D2A0052451A /* failure.mp3 */ = {isa = PBXFileReference; lastKnownFileType = audio.mp3; path = failure.mp3; sourceTree = "<group>"; };
		35A801E829374D2A0052451A /* success.mp3 */ = {isa = PBXFileReference; lastKnownFileType = audio.mp3; path = success.mp3; sourceTree = "<group>"; };
		35A801EB29374D5B0052451A /* scene2.mp3 */ = {isa = PBXFileReference; lastKnownFileType = audio.mp3; path = scene2.mp3; sourceTree = "<group>"; };
		35A801EC29374D5B0052451A /* scene7.mp3 */ = {isa = PBXFileReference; lastKnownFileType = audio.mp3; path = scene7.mp3; sourceTree = "<group>"; };
		35A801ED29374D5B0052451A /* scene3.mp3 */ = {isa = PBXFileReference; lastKnownFileType = audio.mp3; path = scene3.mp3; sourceTree = "<group>"; };
		35A801EE29374D5B0052451A /* scene5.mp3 */ = {isa = PBXFileReference; lastKnownFileType = audio.mp3; path = scene5.mp3; sourceTree = "<group>"; };
		35A801EF29374D5B0052451A /* scene6.mp3 */ = {isa = PBXFileReference; lastKnownFileType = audio.mp3; path = scene6.mp3; sourceTree = "<group>"; };
		35A801F029374D5B0052451A /* scene1.mp3 */ = {isa = PBXFileReference; lastKnownFileType = audio.mp3; path = scene1.mp3; sourceTree = "<group>"; };
		35A801F129374D5B0052451A /* scene8to12.mp3 */ = {isa = PBXFileReference; lastKnownFileType = audio.mp3; path = scene8to12.mp3; sourceTree = "<group>"; };
		35A801F229374D5C0052451A /* scene4.mp3 */ = {isa = PBXFileReference; lastKnownFileType = audio.mp3; path = scene4.mp3; sourceTree = "<group>"; };
		35A801FB29374D700052451A /* character.mp3 */ = {isa = PBXFileReference; lastKnownFileType = audio.mp3; path = character.mp3; sourceTree = "<group>"; };
		35A801FC29374D710052451A /* choiceLikeGoOut.mp3 */ = {isa = PBXFileReference; lastKnownFileType = audio.mp3; path = choiceLikeGoOut.mp3; sourceTree = "<group>"; };
		35A801FF29374D7E0052451A /* agentCard.mp3 */ = {isa = PBXFileReference; lastKnownFileType = audio.mp3; path = agentCard.mp3; sourceTree = "<group>"; };
		35A8020129374D920052451A /* coinCheck.mp3 */ = {isa = PBXFileReference; lastKnownFileType = audio.mp3; path = coinCheck.mp3; sourceTree = "<group>"; };
		35A8020229374D920052451A /* starBadgeGain.mp3 */ = {isa = PBXFileReference; lastKnownFileType = audio.mp3; path = starBadgeGain.mp3; sourceTree = "<group>"; };
		35A8020529374DDC0052451A /* SoundManager.swift */ = {isa = PBXFileReference; lastKnownFileType = sourcecode.swift; path = SoundManager.swift; sourceTree = "<group>"; };
		35BD549E2925D497008F96AC /* SecretAgent.app */ = {isa = PBXFileReference; explicitFileType = wrapper.application; includeInIndex = 0; path = SecretAgent.app; sourceTree = BUILT_PRODUCTS_DIR; };
		35BD54A12925D497008F96AC /* AppDelegate.swift */ = {isa = PBXFileReference; lastKnownFileType = sourcecode.swift; path = AppDelegate.swift; sourceTree = "<group>"; };
		35BD54A32925D497008F96AC /* SceneDelegate.swift */ = {isa = PBXFileReference; lastKnownFileType = sourcecode.swift; path = SceneDelegate.swift; sourceTree = "<group>"; };
		35BD54A82925D497008F96AC /* Base */ = {isa = PBXFileReference; lastKnownFileType = file.storyboard; name = Base; path = Base.lproj/Main.storyboard; sourceTree = "<group>"; };
		35BD54AB2925D497008F96AC /* SecretAgent.xcdatamodel */ = {isa = PBXFileReference; lastKnownFileType = wrapper.xcdatamodel; path = SecretAgent.xcdatamodel; sourceTree = "<group>"; };
		35BD54AD2925D498008F96AC /* Assets.xcassets */ = {isa = PBXFileReference; lastKnownFileType = folder.assetcatalog; path = Assets.xcassets; sourceTree = "<group>"; };
		35BD54B02925D498008F96AC /* Base */ = {isa = PBXFileReference; lastKnownFileType = file.storyboard; name = Base; path = Base.lproj/LaunchScreen.storyboard; sourceTree = "<group>"; };
		35BD54B22925D498008F96AC /* Info.plist */ = {isa = PBXFileReference; lastKnownFileType = text.plist.xml; path = Info.plist; sourceTree = "<group>"; };
		35BD54B72925D498008F96AC /* SecretAgentTests.xctest */ = {isa = PBXFileReference; explicitFileType = wrapper.cfbundle; includeInIndex = 0; path = SecretAgentTests.xctest; sourceTree = BUILT_PRODUCTS_DIR; };
		35BD54BB2925D498008F96AC /* SecretAgentTests.swift */ = {isa = PBXFileReference; lastKnownFileType = sourcecode.swift; path = SecretAgentTests.swift; sourceTree = "<group>"; };
		35BD54C12925D498008F96AC /* SecretAgentUITests.xctest */ = {isa = PBXFileReference; explicitFileType = wrapper.cfbundle; includeInIndex = 0; path = SecretAgentUITests.xctest; sourceTree = BUILT_PRODUCTS_DIR; };
		35BD54C52925D498008F96AC /* SecretAgentUITests.swift */ = {isa = PBXFileReference; lastKnownFileType = sourcecode.swift; path = SecretAgentUITests.swift; sourceTree = "<group>"; };
		35BD54C72925D498008F96AC /* SecretAgentUITestsLaunchTests.swift */ = {isa = PBXFileReference; lastKnownFileType = sourcecode.swift; path = SecretAgentUITestsLaunchTests.swift; sourceTree = "<group>"; };
		35BD54D82925ED92008F96AC /* .swiftlint.yml */ = {isa = PBXFileReference; fileEncoding = 4; lastKnownFileType = text.yaml; path = .swiftlint.yml; sourceTree = "<group>"; };
		35BD54DC2925F5DC008F96AC /* .gitkeep */ = {isa = PBXFileReference; fileEncoding = 4; lastKnownFileType = text; path = .gitkeep; sourceTree = "<group>"; };
		35BD54E02925F5DC008F96AC /* .gitkeep */ = {isa = PBXFileReference; fileEncoding = 4; lastKnownFileType = text; path = .gitkeep; sourceTree = "<group>"; };
		35BD54E22925F5DC008F96AC /* .gitkeep */ = {isa = PBXFileReference; fileEncoding = 4; lastKnownFileType = text; path = .gitkeep; sourceTree = "<group>"; };
		35BD54E42925F5DC008F96AC /* .gitkeep */ = {isa = PBXFileReference; fileEncoding = 4; lastKnownFileType = text; path = .gitkeep; sourceTree = "<group>"; };
		35BD54E62925F5DC008F96AC /* .gitkeep */ = {isa = PBXFileReference; fileEncoding = 4; lastKnownFileType = text; path = .gitkeep; sourceTree = "<group>"; };
		35BD54EA2925F5DC008F96AC /* .gitkeep */ = {isa = PBXFileReference; fileEncoding = 4; lastKnownFileType = text; path = .gitkeep; sourceTree = "<group>"; };
		35BD54EC2925F5DC008F96AC /* .gitkeep */ = {isa = PBXFileReference; fileEncoding = 4; lastKnownFileType = text; path = .gitkeep; sourceTree = "<group>"; };
		35BD54FC2925FEA5008F96AC /* NSObject+Extension.swift */ = {isa = PBXFileReference; fileEncoding = 4; lastKnownFileType = sourcecode.swift; path = "NSObject+Extension.swift"; sourceTree = "<group>"; };
		35BD54FE2925FEAC008F96AC /* UITableView+Extension.swift */ = {isa = PBXFileReference; fileEncoding = 4; lastKnownFileType = sourcecode.swift; path = "UITableView+Extension.swift"; sourceTree = "<group>"; };
		35BD55002925FEB5008F96AC /* Color+Extension.swift */ = {isa = PBXFileReference; fileEncoding = 4; lastKnownFileType = sourcecode.swift; path = "Color+Extension.swift"; sourceTree = "<group>"; };
		35BD55022925FEC3008F96AC /* UIViewController+Extension.swift */ = {isa = PBXFileReference; fileEncoding = 4; lastKnownFileType = sourcecode.swift; path = "UIViewController+Extension.swift"; sourceTree = "<group>"; };
		35BD55042925FED5008F96AC /* UICollectionView+Extension.swift */ = {isa = PBXFileReference; fileEncoding = 4; lastKnownFileType = sourcecode.swift; path = "UICollectionView+Extension.swift"; sourceTree = "<group>"; };
		35BD55062925FEE0008F96AC /* UIViewController+Alert.swift */ = {isa = PBXFileReference; fileEncoding = 4; lastKnownFileType = sourcecode.swift; path = "UIViewController+Alert.swift"; sourceTree = "<group>"; };
		35BD55082925FEEA008F96AC /* UIFont+Extension.swift */ = {isa = PBXFileReference; fileEncoding = 4; lastKnownFileType = sourcecode.swift; path = "UIFont+Extension.swift"; sourceTree = "<group>"; };
		35BD550A2925FF10008F96AC /* BaseTableViewCell.swift */ = {isa = PBXFileReference; fileEncoding = 4; lastKnownFileType = sourcecode.swift; path = BaseTableViewCell.swift; sourceTree = "<group>"; };
		35BD550B2925FF10008F96AC /* BaseCollectionViewCell.swift */ = {isa = PBXFileReference; fileEncoding = 4; lastKnownFileType = sourcecode.swift; path = BaseCollectionViewCell.swift; sourceTree = "<group>"; };
		35BD550C2925FF10008F96AC /* BaseViewController.swift */ = {isa = PBXFileReference; fileEncoding = 4; lastKnownFileType = sourcecode.swift; path = BaseViewController.swift; sourceTree = "<group>"; };
		35BD551029260026008F96AC /* ImageLiteral.swift */ = {isa = PBXFileReference; fileEncoding = 4; lastKnownFileType = sourcecode.swift; path = ImageLiteral.swift; sourceTree = "<group>"; };
		35BD55162928AA62008F96AC /* SirenViewController.swift */ = {isa = PBXFileReference; lastKnownFileType = sourcecode.swift; path = SirenViewController.swift; sourceTree = "<group>"; };
		35BD551A2928AA9F008F96AC /* ProgressBar.swift */ = {isa = PBXFileReference; lastKnownFileType = sourcecode.swift; path = ProgressBar.swift; sourceTree = "<group>"; };
		35BD551C2928AAAE008F96AC /* CountDownTimer.swift */ = {isa = PBXFileReference; lastKnownFileType = sourcecode.swift; path = CountDownTimer.swift; sourceTree = "<group>"; };
		35C912992936CF7800A2EB3C /* CalculatorResultView.swift */ = {isa = PBXFileReference; lastKnownFileType = sourcecode.swift; path = CalculatorResultView.swift; sourceTree = "<group>"; };
		35C9129B2936CFB000A2EB3C /* UnlockViewController.swift */ = {isa = PBXFileReference; lastKnownFileType = sourcecode.swift; path = UnlockViewController.swift; sourceTree = "<group>"; };
		35DCD6962934CC2D00FAC021 /* AfterTimerViewController.swift */ = {isa = PBXFileReference; lastKnownFileType = sourcecode.swift; path = AfterTimerViewController.swift; sourceTree = "<group>"; };
		B523CB2629264FCD00E39C9E /* .swiftformat */ = {isa = PBXFileReference; fileEncoding = 4; lastKnownFileType = text; path = .swiftformat; sourceTree = "<group>"; };
		B5587A4B2934DD2700613B95 /* AgentCardThumbnail.swift */ = {isa = PBXFileReference; lastKnownFileType = sourcecode.swift; path = AgentCardThumbnail.swift; sourceTree = "<group>"; };
		B5587A4D2934DDD000613B95 /* TodayBadge.swift */ = {isa = PBXFileReference; lastKnownFileType = sourcecode.swift; path = TodayBadge.swift; sourceTree = "<group>"; };
		B5587A4F2934DED000613B95 /* BaseNavigationController.swift */ = {isa = PBXFileReference; lastKnownFileType = sourcecode.swift; path = BaseNavigationController.swift; sourceTree = "<group>"; };
		B5587A682936E59700613B95 /* ONE-Mobile-POP-OTF.otf */ = {isa = PBXFileReference; lastKnownFileType = file; path = "ONE-Mobile-POP-OTF.otf"; sourceTree = "<group>"; };
		B5587A6F2936F2B000613B95 /* AgentCardView.swift */ = {isa = PBXFileReference; lastKnownFileType = sourcecode.swift; path = AgentCardView.swift; sourceTree = "<group>"; };
		B5587A71293713A800613B95 /* AgentCardViewController.swift */ = {isa = PBXFileReference; lastKnownFileType = sourcecode.swift; path = AgentCardViewController.swift; sourceTree = "<group>"; };
		B574F62E292B9C7300E8E268 /* UserNotificationService.swift */ = {isa = PBXFileReference; lastKnownFileType = sourcecode.swift; path = UserNotificationService.swift; sourceTree = "<group>"; };
		B576A1932930B2AD006F9E8F /* MainTabViewController.swift */ = {isa = PBXFileReference; fileEncoding = 4; lastKnownFileType = sourcecode.swift; path = MainTabViewController.swift; sourceTree = "<group>"; };
		B576A1D52930FFD3006F9E8F /* Preview+Extension.swift */ = {isa = PBXFileReference; lastKnownFileType = sourcecode.swift; path = "Preview+Extension.swift"; sourceTree = "<group>"; };
		CE0A5C1D2931B92F00695FEC /* AgentSelectionViewController.swift */ = {isa = PBXFileReference; lastKnownFileType = sourcecode.swift; path = AgentSelectionViewController.swift; sourceTree = "<group>"; };
		CE0A5C1F2931B97200695FEC /* Agent.swift */ = {isa = PBXFileReference; lastKnownFileType = sourcecode.swift; path = Agent.swift; sourceTree = "<group>"; };
		CE0A5C262931BF1800695FEC /* AgentStackViewCell.swift */ = {isa = PBXFileReference; lastKnownFileType = sourcecode.swift; path = AgentStackViewCell.swift; sourceTree = "<group>"; };
		CE0A5C282931C45700695FEC /* BaseButton.swift */ = {isa = PBXFileReference; lastKnownFileType = sourcecode.swift; path = BaseButton.swift; sourceTree = "<group>"; };
		CE4200C6292B9C28005D92E7 /* CoreDataManager.swift */ = {isa = PBXFileReference; lastKnownFileType = sourcecode.swift; path = CoreDataManager.swift; sourceTree = "<group>"; };
		CE8B0B56292E097D002BF6EE /* BadgeManager.swift */ = {isa = PBXFileReference; lastKnownFileType = sourcecode.swift; path = BadgeManager.swift; sourceTree = "<group>"; };
		CE990CF12936664900887913 /* OnBoardingViewController.swift */ = {isa = PBXFileReference; lastKnownFileType = sourcecode.swift; path = OnBoardingViewController.swift; sourceTree = "<group>"; };
		CECB41B42936E5660000A3A6 /* onBoardingTableViewCell.swift */ = {isa = PBXFileReference; lastKnownFileType = sourcecode.swift; path = onBoardingTableViewCell.swift; sourceTree = "<group>"; };
		CECB41B62936E61B0000A3A6 /* Guide.swift */ = {isa = PBXFileReference; lastKnownFileType = sourcecode.swift; path = Guide.swift; sourceTree = "<group>"; };
		CECB41B9293725FF0000A3A6 /* Story.swift */ = {isa = PBXFileReference; lastKnownFileType = sourcecode.swift; path = Story.swift; sourceTree = "<group>"; };
		CECB41BB293726370000A3A6 /* StoryViewController .swift */ = {isa = PBXFileReference; lastKnownFileType = sourcecode.swift; path = "StoryViewController .swift"; sourceTree = "<group>"; };
		CEFBA37529365EFA002FF1DC /* AgentSelectionCompleteViewController.swift */ = {isa = PBXFileReference; fileEncoding = 4; lastKnownFileType = sourcecode.swift; path = AgentSelectionCompleteViewController.swift; sourceTree = "<group>"; };
		CEFBA37729365EFE002FF1DC /* AgentCardIssuanceViewController.swift */ = {isa = PBXFileReference; fileEncoding = 4; lastKnownFileType = sourcecode.swift; path = AgentCardIssuanceViewController.swift; sourceTree = "<group>"; };
/* End PBXFileReference section */

/* Begin PBXFrameworksBuildPhase section */
		35BD549B2925D497008F96AC /* Frameworks */ = {
			isa = PBXFrameworksBuildPhase;
			buildActionMask = 2147483647;
			files = (
				35BD54D62925D75A008F96AC /* SnapKit in Frameworks */,
			);
			runOnlyForDeploymentPostprocessing = 0;
		};
		35BD54B42925D498008F96AC /* Frameworks */ = {
			isa = PBXFrameworksBuildPhase;
			buildActionMask = 2147483647;
			files = (
			);
			runOnlyForDeploymentPostprocessing = 0;
		};
		35BD54BE2925D498008F96AC /* Frameworks */ = {
			isa = PBXFrameworksBuildPhase;
			buildActionMask = 2147483647;
			files = (
			);
			runOnlyForDeploymentPostprocessing = 0;
		};
/* End PBXFrameworksBuildPhase section */

/* Begin PBXGroup section */
		212D1EAD292B57EF0079ECF2 /* Sound */ = {
			isa = PBXGroup;
			children = (
				35A801E129374CEF0052451A /* Story */,
				35A801E229374CF40052451A /* OnBoarding */,
				35A801E329374CFE0052451A /* Siren */,
				35A801E429374D060052451A /* Badge */,
			);
			path = Sound;
			sourceTree = "<group>";
		};
		213B6970292DC9880085C3B9 /* Board */ = {
			isa = PBXGroup;
			children = (
				213B6971292DC98C0085C3B9 /* View */,
			);
			path = Board;
			sourceTree = "<group>";
		};
		213B6971292DC98C0085C3B9 /* View */ = {
			isa = PBXGroup;
			children = (
				213B6974292DD5D40085C3B9 /* BoardViewController.swift */,
				21CBBB6C292E1DBF0067FE17 /* BadgeCollectionViewCell.swift */,
				21BC09302935A04C0019572D /* HideBadgeView.swift */,
				21B6F7C229373F5C001FAD5F /* CommonBadgeInfoComponent.swift */,
				217D3F7329376E2800D810A5 /* StarCollectCongratsViewController.swift */,
				217D3F77293785CA00D810A5 /* BoardViewController+Extension.swift */,
			);
			path = View;
			sourceTree = "<group>";
		};
		35356FF62936CF0600B15F11 /* Cell */ = {
			isa = PBXGroup;
			children = (
				35356FF72936CF1200B15F11 /* NumberCollectionViewCell.swift */,
			);
			path = Cell;
      	sourceTree = "<group>";
		};
		35A801E129374CEF0052451A /* Story */ = {
			isa = PBXGroup;
			children = (
				35A801F029374D5B0052451A /* scene1.mp3 */,
				35A801EB29374D5B0052451A /* scene2.mp3 */,
				35A801ED29374D5B0052451A /* scene3.mp3 */,
				35A801F229374D5C0052451A /* scene4.mp3 */,
				35A801EE29374D5B0052451A /* scene5.mp3 */,
				35A801EF29374D5B0052451A /* scene6.mp3 */,
				35A801EC29374D5B0052451A /* scene7.mp3 */,
				35A801F129374D5B0052451A /* scene8to12.mp3 */,
			);
			path = Story;
			sourceTree = "<group>";
		};
		35A801E229374CF40052451A /* OnBoarding */ = {
			isa = PBXGroup;
			children = (
				35A801FB29374D700052451A /* character.mp3 */,
				35A801FC29374D710052451A /* choiceLikeGoOut.mp3 */,
				35A801FF29374D7E0052451A /* agentCard.mp3 */,
			);
			path = OnBoarding;
			sourceTree = "<group>";
		};
		35A801E329374CFE0052451A /* Siren */ = {
			isa = PBXGroup;
			children = (
				35A801E529374D1E0052451A /* siren.mp3 */,
				35A801E729374D2A0052451A /* failure.mp3 */,
				35A801E829374D2A0052451A /* success.mp3 */,
			);
			path = Siren;
			sourceTree = "<group>";
		};
		35A801E429374D060052451A /* Badge */ = {
			isa = PBXGroup;
			children = (
				35A8020129374D920052451A /* coinCheck.mp3 */,
				35A8020229374D920052451A /* starBadgeGain.mp3 */,
			);
			path = Badge;
			sourceTree = "<group>";
		};
		35A801E129374CEF0052451A /* Story */ = {
			isa = PBXGroup;
			children = (
				35A801F029374D5B0052451A /* scene1.mp3 */,
				35A801EB29374D5B0052451A /* scene2.mp3 */,
				35A801ED29374D5B0052451A /* scene3.mp3 */,
				35A801F229374D5C0052451A /* scene4.mp3 */,
				35A801EE29374D5B0052451A /* scene5.mp3 */,
				35A801EF29374D5B0052451A /* scene6.mp3 */,
				35A801EC29374D5B0052451A /* scene7.mp3 */,
				35A801F129374D5B0052451A /* scene8to12.mp3 */,
			);
			path = Story;
			sourceTree = "<group>";
		};
		35A801E229374CF40052451A /* OnBoarding */ = {
			isa = PBXGroup;
			children = (
				35A801FB29374D700052451A /* character.mp3 */,
				35A801FC29374D710052451A /* choiceLikeGoOut.mp3 */,
				35A801FF29374D7E0052451A /* agentCard.mp3 */,
			);
			path = OnBoarding;
			sourceTree = "<group>";
		};
		35A801E329374CFE0052451A /* Siren */ = {
			isa = PBXGroup;
			children = (
				35A801E529374D1E0052451A /* siren.mp3 */,
				35A801E729374D2A0052451A /* failure.mp3 */,
				35A801E829374D2A0052451A /* success.mp3 */,
			);
			path = Siren;
			sourceTree = "<group>";
		};
		35A801E429374D060052451A /* Badge */ = {
			isa = PBXGroup;
			children = (
				35A8020129374D920052451A /* coinCheck.mp3 */,
				35A8020229374D920052451A /* starBadgeGain.mp3 */,
			);
			path = Badge;
			sourceTree = "<group>";
		};
		35A801E129374CEF0052451A /* Story */ = {
			isa = PBXGroup;
			children = (
				35A801F029374D5B0052451A /* scene1.mp3 */,
				35A801EB29374D5B0052451A /* scene2.mp3 */,
				35A801ED29374D5B0052451A /* scene3.mp3 */,
				35A801F229374D5C0052451A /* scene4.mp3 */,
				35A801EE29374D5B0052451A /* scene5.mp3 */,
				35A801EF29374D5B0052451A /* scene6.mp3 */,
				35A801EC29374D5B0052451A /* scene7.mp3 */,
				35A801F129374D5B0052451A /* scene8to12.mp3 */,
			);
			path = Story;
			sourceTree = "<group>";
		};
		35A801E229374CF40052451A /* OnBoarding */ = {
			isa = PBXGroup;
			children = (
				35A801FB29374D700052451A /* character.mp3 */,
				35A801FC29374D710052451A /* choiceLikeGoOut.mp3 */,
				35A801FF29374D7E0052451A /* agentCard.mp3 */,
			);
			path = OnBoarding;
			sourceTree = "<group>";
		};
		35A801E329374CFE0052451A /* Siren */ = {
			isa = PBXGroup;
			children = (
				35A801E529374D1E0052451A /* siren.mp3 */,
				35A801E729374D2A0052451A /* failure.mp3 */,
				35A801E829374D2A0052451A /* success.mp3 */,
			);
			path = Siren;
			sourceTree = "<group>";
		};
		35A801E429374D060052451A /* Badge */ = {
			isa = PBXGroup;
			children = (
				35A8020129374D920052451A /* coinCheck.mp3 */,
				35A8020229374D920052451A /* starBadgeGain.mp3 */,
			);
			path = Badge;
			sourceTree = "<group>";
		};
		35BD54952925D497008F96AC = {
			isa = PBXGroup;
			children = (
				35BD54A02925D497008F96AC /* SecretAgent */,
				35BD54BA2925D498008F96AC /* SecretAgentTests */,
				35BD54C42925D498008F96AC /* SecretAgentUITests */,
				35BD549F2925D497008F96AC /* Products */,
			);
			sourceTree = "<group>";
		};
		35BD549F2925D497008F96AC /* Products */ = {
			isa = PBXGroup;
			children = (
				35BD549E2925D497008F96AC /* SecretAgent.app */,
				35BD54B72925D498008F96AC /* SecretAgentTests.xctest */,
				35BD54C12925D498008F96AC /* SecretAgentUITests.xctest */,
			);
			name = Products;
			sourceTree = "<group>";
		};
		35BD54A02925D497008F96AC /* SecretAgent */ = {
			isa = PBXGroup;
			children = (
				35BD54D82925ED92008F96AC /* .swiftlint.yml */,
				B523CB2629264FCD00E39C9E /* .swiftformat */,
				35BD54F72925F605008F96AC /* Screen */,
				35BD54F62925F5FD008F96AC /* Model */,
				35BD54DA2925F5DC008F96AC /* Global */,
				35BD54B22925D498008F96AC /* Info.plist */,
			);
			path = SecretAgent;
			sourceTree = "<group>";
		};
		35BD54BA2925D498008F96AC /* SecretAgentTests */ = {
			isa = PBXGroup;
			children = (
				35BD54BB2925D498008F96AC /* SecretAgentTests.swift */,
			);
			path = SecretAgentTests;
			sourceTree = "<group>";
		};
		35BD54C42925D498008F96AC /* SecretAgentUITests */ = {
			isa = PBXGroup;
			children = (
				35BD54C52925D498008F96AC /* SecretAgentUITests.swift */,
				35BD54C72925D498008F96AC /* SecretAgentUITestsLaunchTests.swift */,
			);
			path = SecretAgentUITests;
			sourceTree = "<group>";
		};
		35BD54DA2925F5DC008F96AC /* Global */ = {
			isa = PBXGroup;
			children = (
				35BD54DB2925F5DC008F96AC /* Literal */,
				35BD54DD2925F5DC008F96AC /* Extension */,
				35BD54DF2925F5DC008F96AC /* Protocol */,
				35BD54E12925F5DC008F96AC /* Support */,
				35BD54E32925F5DC008F96AC /* Service */,
				35BD54E52925F5DC008F96AC /* Resource */,
				35BD54E72925F5DC008F96AC /* Base */,
				35BD54E92925F5DC008F96AC /* UIComponent */,
				35BD54EB2925F5DC008F96AC /* Utility */,
			);
			path = Global;
			sourceTree = "<group>";
		};
		35BD54DB2925F5DC008F96AC /* Literal */ = {
			isa = PBXGroup;
			children = (
				35BD551029260026008F96AC /* ImageLiteral.swift */,
				35BD54DC2925F5DC008F96AC /* .gitkeep */,
				21882898292C935C00C9D94B /* SoundLiteral.swift */,
			);
			path = Literal;
			sourceTree = "<group>";
		};
		35BD54DD2925F5DC008F96AC /* Extension */ = {
			isa = PBXGroup;
			children = (
				35BD54FC2925FEA5008F96AC /* NSObject+Extension.swift */,
				35BD54FE2925FEAC008F96AC /* UITableView+Extension.swift */,
				35BD55002925FEB5008F96AC /* Color+Extension.swift */,
				35BD55022925FEC3008F96AC /* UIViewController+Extension.swift */,
				35BD55042925FED5008F96AC /* UICollectionView+Extension.swift */,
				35BD55062925FEE0008F96AC /* UIViewController+Alert.swift */,
				35BD55082925FEEA008F96AC /* UIFont+Extension.swift */,
				B576A1D52930FFD3006F9E8F /* Preview+Extension.swift */,
			);
			path = Extension;
			sourceTree = "<group>";
		};
		35BD54DF2925F5DC008F96AC /* Protocol */ = {
			isa = PBXGroup;
			children = (
				35BD54E02925F5DC008F96AC /* .gitkeep */,
			);
			path = Protocol;
			sourceTree = "<group>";
		};
		35BD54E12925F5DC008F96AC /* Support */ = {
			isa = PBXGroup;
			children = (
				35BD54A12925D497008F96AC /* AppDelegate.swift */,
				35BD54A32925D497008F96AC /* SceneDelegate.swift */,
				35BD54E22925F5DC008F96AC /* .gitkeep */,
			);
			path = Support;
			sourceTree = "<group>";
		};
		35BD54E32925F5DC008F96AC /* Service */ = {
			isa = PBXGroup;
			children = (
				35BD54F82925F8AC008F96AC /* Storage */,
				35BD54E42925F5DC008F96AC /* .gitkeep */,
				CE4200C6292B9C28005D92E7 /* CoreDataManager.swift */,
				CE8B0B56292E097D002BF6EE /* BadgeManager.swift */,
				B574F62E292B9C7300E8E268 /* UserNotificationService.swift */,
				35A8020529374DDC0052451A /* SoundManager.swift */,
			);
			path = Service;
			sourceTree = "<group>";
		};
		35BD54E52925F5DC008F96AC /* Resource */ = {
			isa = PBXGroup;
			children = (
				B5587A672936E58900613B95 /* Font */,
				212D1EAD292B57EF0079ECF2 /* Sound */,
				35BD54A72925D497008F96AC /* Main.storyboard */,
				35BD54AD2925D498008F96AC /* Assets.xcassets */,
				35BD54AF2925D498008F96AC /* LaunchScreen.storyboard */,
				35BD54E62925F5DC008F96AC /* .gitkeep */,
			);
			path = Resource;
			sourceTree = "<group>";
		};
		35BD54E72925F5DC008F96AC /* Base */ = {
			isa = PBXGroup;
			children = (
				35BD550B2925FF10008F96AC /* BaseCollectionViewCell.swift */,
				35BD550A2925FF10008F96AC /* BaseTableViewCell.swift */,
				35BD550C2925FF10008F96AC /* BaseViewController.swift */,
			);
			path = Base;
			sourceTree = "<group>";
		};
		35BD54E92925F5DC008F96AC /* UIComponent */ = {
			isa = PBXGroup;
			children = (
				35BD54EA2925F5DC008F96AC /* .gitkeep */,
				CE0A5C282931C45700695FEC /* BaseButton.swift */,
			);
			path = UIComponent;
			sourceTree = "<group>";
		};
		35BD54EB2925F5DC008F96AC /* Utility */ = {
			isa = PBXGroup;
			children = (
				35BD54EC2925F5DC008F96AC /* .gitkeep */,
			);
			path = Utility;
			sourceTree = "<group>";
		};
		35BD54F62925F5FD008F96AC /* Model */ = {
			isa = PBXGroup;
			children = (
				CE0A5C1F2931B97200695FEC /* Agent.swift */,
				CECB41B62936E61B0000A3A6 /* Guide.swift */,
				CECB41B9293725FF0000A3A6 /* Story.swift */,
				217D3F75293771F700D810A5 /* Badge.swift */,
			);
			path = Model;
			sourceTree = "<group>";
		};
		35BD54F72925F605008F96AC /* Screen */ = {
			isa = PBXGroup;
			children = (
				CECB41B8293725D40000A3A6 /* Story */,
				CE990CEE2936660D00887913 /* OnBoarding */,
				B5587A6D2936F29E00613B95 /* AgentCard */,
				CEFBA37429365EE9002FF1DC /* AgentSelectComplete */,
				CE0A5C1B2931B8EB00695FEC /* AgentSelection */,
				213B6970292DC9880085C3B9 /* Board */,
				35BD55152928AA55008F96AC /* Siren */,
				35BD54F92925FBAE008F96AC /* Main */,
			);
			path = Screen;
			sourceTree = "<group>";
		};
		35BD54F82925F8AC008F96AC /* Storage */ = {
			isa = PBXGroup;
			children = (
				35BD54AA2925D497008F96AC /* SecretAgent.xcdatamodeld */,
			);
			path = Storage;
			sourceTree = "<group>";
		};
		35BD54F92925FBAE008F96AC /* Main */ = {
			isa = PBXGroup;
			children = (
				35BD54FA2925FBB1008F96AC /* View */,
				B576A1932930B2AD006F9E8F /* MainTabViewController.swift */,
				B5587A4F2934DED000613B95 /* BaseNavigationController.swift */,
				35A8020729376FF50052451A /* OpenSourceViewController.swift */,
			);
			path = Main;
			sourceTree = "<group>";
		};
		35BD54FA2925FBB1008F96AC /* View */ = {
			isa = PBXGroup;
			children = (
				B5587A4A2934D90800613B95 /* Component */,
				35BD54FB2925FBB5008F96AC /* Cell */,
			);
			path = View;
			sourceTree = "<group>";
		};
		35BD54FB2925FBB5008F96AC /* Cell */ = {
			isa = PBXGroup;
			children = (
			);
			path = Cell;
			sourceTree = "<group>";
		};
		35BD55152928AA55008F96AC /* Siren */ = {
			isa = PBXGroup;
			children = (
				35BD55182928AA8A008F96AC /* View */,
				35BD55162928AA62008F96AC /* SirenViewController.swift */,
				212D1EAB292B53BD0079ECF2 /* TestSirenViewController.swift */,
				35BD551C2928AAAE008F96AC /* CountDownTimer.swift */,
				35DCD6962934CC2D00FAC021 /* AfterTimerViewController.swift */,
				3518CAF92934D3D30076C3E3 /* AfterTimerDetailViewController.swift */,
				35C9129B2936CFB000A2EB3C /* UnlockViewController.swift */,
			);
			path = Siren;
			sourceTree = "<group>";
		};
		35BD55182928AA8A008F96AC /* View */ = {
			isa = PBXGroup;
			children = (
				35356FF62936CF0600B15F11 /* Cell */,
				35BD55192928AA92008F96AC /* Component */,
			);
			path = View;
			sourceTree = "<group>";
		};
		35BD55192928AA92008F96AC /* Component */ = {
			isa = PBXGroup;
			children = (
				35BD551A2928AA9F008F96AC /* ProgressBar.swift */,
				35C912992936CF7800A2EB3C /* CalculatorResultView.swift */,
			);
			path = Component;
			sourceTree = "<group>";
		};
		B5587A4A2934D90800613B95 /* Component */ = {
			isa = PBXGroup;
			children = (
				B5587A4B2934DD2700613B95 /* AgentCardThumbnail.swift */,
				B5587A4D2934DDD000613B95 /* TodayBadge.swift */,
			);
			path = Component;
			sourceTree = "<group>";
		};
		B5587A4A2934D90800613B95 /* Component */ = {
			isa = PBXGroup;
			children = (
				B5587A4B2934DD2700613B95 /* AgentCardThumbnail.swift */,
				B5587A4D2934DDD000613B95 /* TodayBadge.swift */,
			);
			path = Component;
			sourceTree = "<group>";
		};
		B5587A4A2934D90800613B95 /* Component */ = {
			isa = PBXGroup;
			children = (
				B5587A4B2934DD2700613B95 /* AgentCardThumbnail.swift */,
				B5587A4D2934DDD000613B95 /* TodayBadge.swift */,
			);
			path = Component;
			sourceTree = "<group>";
		};
		B5587A4A2934D90800613B95 /* Component */ = {
			isa = PBXGroup;
			children = (
				B5587A4B2934DD2700613B95 /* AgentCardThumbnail.swift */,
				B5587A4D2934DDD000613B95 /* TodayBadge.swift */,
			);
			path = Component;
			sourceTree = "<group>";
		};
		B5587A672936E58900613B95 /* Font */ = {
			isa = PBXGroup;
			children = (
				B5587A682936E59700613B95 /* ONE-Mobile-POP-OTF.otf */,
			);
			path = Font;
			sourceTree = "<group>";
		};
		B5587A6D2936F29E00613B95 /* AgentCard */ = {
			isa = PBXGroup;
			children = (
				B5587A6E2936F2A800613B95 /* View */,
				B5587A71293713A800613B95 /* AgentCardViewController.swift */,
			);
			path = AgentCard;
			sourceTree = "<group>";
		};
		B5587A6E2936F2A800613B95 /* View */ = {
			isa = PBXGroup;
			children = (
				B5587A6F2936F2B000613B95 /* AgentCardView.swift */,
			);
			path = View;
			sourceTree = "<group>";
		};
		CE0A5C1B2931B8EB00695FEC /* AgentSelection */ = {
			isa = PBXGroup;
			children = (
				CE0A5C1C2931B92700695FEC /* View */,
				CE0A5C1D2931B92F00695FEC /* AgentSelectionViewController.swift */,
			);
			path = AgentSelection;
			sourceTree = "<group>";
		};
		CE0A5C1C2931B92700695FEC /* View */ = {
			isa = PBXGroup;
			children = (
				CE0A5C212931BEBD00695FEC /* Cell */,
			);
			path = View;
			sourceTree = "<group>";
		};
		CE0A5C212931BEBD00695FEC /* Cell */ = {
			isa = PBXGroup;
			children = (
				CE0A5C262931BF1800695FEC /* AgentStackViewCell.swift */,
			);
			path = Cell;
			sourceTree = "<group>";
		};
		CE990CEE2936660D00887913 /* OnBoarding */ = {
			isa = PBXGroup;
			children = (
				CE990CEF2936662C00887913 /* View */,
				CE990CF12936664900887913 /* OnBoardingViewController.swift */,
			);
			path = OnBoarding;
			sourceTree = "<group>";
		};
		CE990CEF2936662C00887913 /* View */ = {
			isa = PBXGroup;
			children = (
				CECB41B32936E5540000A3A6 /* Cell */,
			);
			path = View;
			sourceTree = "<group>";
		};
		CECB41B32936E5540000A3A6 /* Cell */ = {
			isa = PBXGroup;
			children = (
				CECB41B42936E5660000A3A6 /* onBoardingTableViewCell.swift */,
			);
			path = Cell;
			sourceTree = "<group>";
		};
		CECB41B8293725D40000A3A6 /* Story */ = {
			isa = PBXGroup;
			children = (
				CECB41BB293726370000A3A6 /* StoryViewController .swift */,
			);
			path = Story;
            sourceTree = "<group>";
        };
		CEFBA37429365EE9002FF1DC /* AgentSelectComplete */ = {
			isa = PBXGroup;
			children = (
				CEFBA37529365EFA002FF1DC /* AgentSelectionCompleteViewController.swift */,
				CEFBA37729365EFE002FF1DC /* AgentCardIssuanceViewController.swift */,
			);
			path = AgentSelectComplete;
			sourceTree = "<group>";
		};
/* End PBXGroup section */

/* Begin PBXNativeTarget section */
		35BD549D2925D497008F96AC /* SecretAgent */ = {
			isa = PBXNativeTarget;
			buildConfigurationList = 35BD54CB2925D498008F96AC /* Build configuration list for PBXNativeTarget "SecretAgent" */;
			buildPhases = (
				B523CB2529264DD200E39C9E /* Run SwiftFormat */,
				35BD549A2925D497008F96AC /* Sources */,
				35BD549B2925D497008F96AC /* Frameworks */,
				35BD549C2925D497008F96AC /* Resources */,
				35BD54D72925ED23008F96AC /* Run SwiftLint */,
			);
			buildRules = (
			);
			dependencies = (
			);
			name = SecretAgent;
			packageProductDependencies = (
				35BD54D52925D75A008F96AC /* SnapKit */,
			);
			productName = SecretAgent;
			productReference = 35BD549E2925D497008F96AC /* SecretAgent.app */;
			productType = "com.apple.product-type.application";
		};
		35BD54B62925D498008F96AC /* SecretAgentTests */ = {
			isa = PBXNativeTarget;
			buildConfigurationList = 35BD54CE2925D498008F96AC /* Build configuration list for PBXNativeTarget "SecretAgentTests" */;
			buildPhases = (
				35BD54B32925D498008F96AC /* Sources */,
				35BD54B42925D498008F96AC /* Frameworks */,
				35BD54B52925D498008F96AC /* Resources */,
			);
			buildRules = (
			);
			dependencies = (
				35BD54B92925D498008F96AC /* PBXTargetDependency */,
			);
			name = SecretAgentTests;
			productName = SecretAgentTests;
			productReference = 35BD54B72925D498008F96AC /* SecretAgentTests.xctest */;
			productType = "com.apple.product-type.bundle.unit-test";
		};
		35BD54C02925D498008F96AC /* SecretAgentUITests */ = {
			isa = PBXNativeTarget;
			buildConfigurationList = 35BD54D12925D498008F96AC /* Build configuration list for PBXNativeTarget "SecretAgentUITests" */;
			buildPhases = (
				35BD54BD2925D498008F96AC /* Sources */,
				35BD54BE2925D498008F96AC /* Frameworks */,
				35BD54BF2925D498008F96AC /* Resources */,
			);
			buildRules = (
			);
			dependencies = (
				35BD54C32925D498008F96AC /* PBXTargetDependency */,
			);
			name = SecretAgentUITests;
			productName = SecretAgentUITests;
			productReference = 35BD54C12925D498008F96AC /* SecretAgentUITests.xctest */;
			productType = "com.apple.product-type.bundle.ui-testing";
		};
/* End PBXNativeTarget section */

/* Begin PBXProject section */
		35BD54962925D497008F96AC /* Project object */ = {
			isa = PBXProject;
			attributes = {
				BuildIndependentTargetsInParallel = 1;
				LastSwiftUpdateCheck = 1400;
				LastUpgradeCheck = 1400;
				TargetAttributes = {
					35BD549D2925D497008F96AC = {
						CreatedOnToolsVersion = 14.0.1;
					};
					35BD54B62925D498008F96AC = {
						CreatedOnToolsVersion = 14.0.1;
						TestTargetID = 35BD549D2925D497008F96AC;
					};
					35BD54C02925D498008F96AC = {
						CreatedOnToolsVersion = 14.0.1;
						TestTargetID = 35BD549D2925D497008F96AC;
					};
				};
			};
			buildConfigurationList = 35BD54992925D497008F96AC /* Build configuration list for PBXProject "SecretAgent" */;
			compatibilityVersion = "Xcode 14.0";
			developmentRegion = en;
			hasScannedForEncodings = 0;
			knownRegions = (
				en,
				Base,
			);
			mainGroup = 35BD54952925D497008F96AC;
			packageReferences = (
				35BD54D42925D75A008F96AC /* XCRemoteSwiftPackageReference "SnapKit" */,
			);
			productRefGroup = 35BD549F2925D497008F96AC /* Products */;
			projectDirPath = "";
			projectRoot = "";
			targets = (
				35BD549D2925D497008F96AC /* SecretAgent */,
				35BD54B62925D498008F96AC /* SecretAgentTests */,
				35BD54C02925D498008F96AC /* SecretAgentUITests */,
			);
		};
/* End PBXProject section */

/* Begin PBXResourcesBuildPhase section */
		35BD549C2925D497008F96AC /* Resources */ = {
			isa = PBXResourcesBuildPhase;
			buildActionMask = 2147483647;
			files = (
				B523CB2729264FCD00E39C9E /* .swiftformat in Resources */,
				35A8020029374D7E0052451A /* agentCard.mp3 in Resources */,
				35A8020329374D920052451A /* coinCheck.mp3 in Resources */,
				35A801FD29374D710052451A /* character.mp3 in Resources */,
				35A801F529374D5C0052451A /* scene3.mp3 in Resources */,
				35A8020429374D920052451A /* starBadgeGain.mp3 in Resources */,
				35A801F929374D5C0052451A /* scene8to12.mp3 in Resources */,
				35A801E929374D2A0052451A /* failure.mp3 in Resources */,
				35A801F829374D5C0052451A /* scene1.mp3 in Resources */,
				35A801EA29374D2A0052451A /* success.mp3 in Resources */,
				35BD54D92925ED92008F96AC /* .swiftlint.yml in Resources */,
				35BD54B12925D498008F96AC /* LaunchScreen.storyboard in Resources */,
				35A801F729374D5C0052451A /* scene6.mp3 in Resources */,
				35A801F329374D5C0052451A /* scene2.mp3 in Resources */,
				35A801FA29374D5C0052451A /* scene4.mp3 in Resources */,
				B5587A692936E59700613B95 /* ONE-Mobile-POP-OTF.otf in Resources */,
				35BD54AE2925D498008F96AC /* Assets.xcassets in Resources */,
				35A801F429374D5C0052451A /* scene7.mp3 in Resources */,
				35A801E629374D1E0052451A /* siren.mp3 in Resources */,
				35BD54A92925D497008F96AC /* Main.storyboard in Resources */,
				35A801F629374D5C0052451A /* scene5.mp3 in Resources */,
				35A801FE29374D710052451A /* choiceLikeGoOut.mp3 in Resources */,
			);
			runOnlyForDeploymentPostprocessing = 0;
		};
		35BD54B52925D498008F96AC /* Resources */ = {
			isa = PBXResourcesBuildPhase;
			buildActionMask = 2147483647;
			files = (
			);
			runOnlyForDeploymentPostprocessing = 0;
		};
		35BD54BF2925D498008F96AC /* Resources */ = {
			isa = PBXResourcesBuildPhase;
			buildActionMask = 2147483647;
			files = (
			);
			runOnlyForDeploymentPostprocessing = 0;
		};
/* End PBXResourcesBuildPhase section */

/* Begin PBXShellScriptBuildPhase section */
		35BD54D72925ED23008F96AC /* Run SwiftLint */ = {
			isa = PBXShellScriptBuildPhase;
			alwaysOutOfDate = 1;
			buildActionMask = 2147483647;
			files = (
			);
			inputFileListPaths = (
			);
			inputPaths = (
			);
			name = "Run SwiftLint";
			outputFileListPaths = (
			);
			outputPaths = (
			);
			runOnlyForDeploymentPostprocessing = 0;
			shellPath = /bin/sh;
			shellScript = "export PATH=\"$PATH:/opt/homebrew/bin\"\nif which swiftlint > /dev/null; then\n  swiftlint\nelse\n  echo \"warning: SwiftLint not installed, download from https://github.com/realm/SwiftLint\"\nfi\n";
		};
		B523CB2529264DD200E39C9E /* Run SwiftFormat */ = {
			isa = PBXShellScriptBuildPhase;
			alwaysOutOfDate = 1;
			buildActionMask = 12;
			files = (
			);
			inputFileListPaths = (
			);
			inputPaths = (
			);
			name = "Run SwiftFormat";
			outputFileListPaths = (
			);
			outputPaths = (
			);
			runOnlyForDeploymentPostprocessing = 0;
			shellPath = /bin/sh;
			shellScript = "export PATH=\"$PATH:/opt/homebrew/bin\"\nif which swiftformat > /dev/null; then\n  swiftformat .  --lint --swiftversion 5.7\nelse\n  echo \"error: SwiftFormat not installed, download from https://github.com/nicklockwood/SwiftFormat\"\n  exit 1\nfi\n";
		};
/* End PBXShellScriptBuildPhase section */

/* Begin PBXSourcesBuildPhase section */
		35BD549A2925D497008F96AC /* Sources */ = {
			isa = PBXSourcesBuildPhase;
			buildActionMask = 2147483647;
			files = (
				35A8020829376FF50052451A /* OpenSourceViewController.swift in Sources */,
				35BD55052925FED5008F96AC /* UICollectionView+Extension.swift in Sources */,
				35DCD6972934CC2D00FAC021 /* AfterTimerViewController.swift in Sources */,
				35BD551B2928AA9F008F96AC /* ProgressBar.swift in Sources */,
				35BD55032925FEC3008F96AC /* UIViewController+Extension.swift in Sources */,
				35BD54FD2925FEA5008F96AC /* NSObject+Extension.swift in Sources */,
				217D3F7429376E2800D810A5 /* StarCollectCongratsViewController.swift in Sources */,
				B5587A702936F2B000613B95 /* AgentCardView.swift in Sources */,
				35BD55012925FEB5008F96AC /* Color+Extension.swift in Sources */,
				35C9129C2936CFB000A2EB3C /* UnlockViewController.swift in Sources */,
				CE0A5C272931BF1800695FEC /* AgentStackViewCell.swift in Sources */,
				CECB41B52936E5660000A3A6 /* onBoardingTableViewCell.swift in Sources */,
				35BD551D2928AAAE008F96AC /* CountDownTimer.swift in Sources */,
				B576A1D62930FFD3006F9E8F /* Preview+Extension.swift in Sources */,
				217D3F78293785CA00D810A5 /* BoardViewController+Extension.swift in Sources */,
				35BD55172928AA62008F96AC /* SirenViewController.swift in Sources */,
				CE990CF22936664900887913 /* OnBoardingViewController.swift in Sources */,
				35BD551129260026008F96AC /* ImageLiteral.swift in Sources */,
				35BD550D2925FF10008F96AC /* BaseTableViewCell.swift in Sources */,
				35BD550F2925FF10008F96AC /* BaseViewController.swift in Sources */,
				B574F62F292B9C7300E8E268 /* UserNotificationService.swift in Sources */,
				CE0A5C292931C45700695FEC /* BaseButton.swift in Sources */,
				CE0A5C1E2931B92F00695FEC /* AgentSelectionViewController.swift in Sources */,
				35356FF82936CF1200B15F11 /* NumberCollectionViewCell.swift in Sources */,
				CE8B0B57292E097D002BF6EE /* BadgeManager.swift in Sources */,
				21882899292C935C00C9D94B /* SoundLiteral.swift in Sources */,
				35BD55072925FEE0008F96AC /* UIViewController+Alert.swift in Sources */,
				CE0A5C202931B97200695FEC /* Agent.swift in Sources */,
				CECB41BA293725FF0000A3A6 /* Story.swift in Sources */,
				35A8020629374DDC0052451A /* SoundManager.swift in Sources */,
				35BD54AC2925D497008F96AC /* SecretAgent.xcdatamodeld in Sources */,
				CECB41B72936E61B0000A3A6 /* Guide.swift in Sources */,
				35C9129A2936CF7800A2EB3C /* CalculatorResultView.swift in Sources */,
				B5587A4E2934DDD000613B95 /* TodayBadge.swift in Sources */,
				213B6975292DD5D40085C3B9 /* BoardViewController.swift in Sources */,
				35BD54A22925D497008F96AC /* AppDelegate.swift in Sources */,
				217D3F76293771F700D810A5 /* Badge.swift in Sources */,
				21BC09312935A04C0019572D /* HideBadgeView.swift in Sources */,
				35BD54A42925D497008F96AC /* SceneDelegate.swift in Sources */,
				3518CAFA2934D3D30076C3E3 /* AfterTimerDetailViewController.swift in Sources */,
				B576A1942930B2AD006F9E8F /* MainTabViewController.swift in Sources */,
				B5587A4C2934DD2700613B95 /* AgentCardThumbnail.swift in Sources */,
				CECB41BC293726370000A3A6 /* StoryViewController .swift in Sources */,
				B5587A72293713A900613B95 /* AgentCardViewController.swift in Sources */,
				35BD54FF2925FEAC008F96AC /* UITableView+Extension.swift in Sources */,
				212D1EAC292B53BD0079ECF2 /* TestSirenViewController.swift in Sources */,
				CEFBA37829365EFE002FF1DC /* AgentCardIssuanceViewController.swift in Sources */,
				CEFBA37629365EFA002FF1DC /* AgentSelectionCompleteViewController.swift in Sources */,
				35BD550E2925FF10008F96AC /* BaseCollectionViewCell.swift in Sources */,
				21B6F7C329373F5C001FAD5F /* CommonBadgeInfoComponent.swift in Sources */,
				B5587A502934DED000613B95 /* BaseNavigationController.swift in Sources */,
				CE4200C7292B9C28005D92E7 /* CoreDataManager.swift in Sources */,
				35BD55092925FEEA008F96AC /* UIFont+Extension.swift in Sources */,
				21CBBB6D292E1DBF0067FE17 /* BadgeCollectionViewCell.swift in Sources */,
			);
			runOnlyForDeploymentPostprocessing = 0;
		};
		35BD54B32925D498008F96AC /* Sources */ = {
			isa = PBXSourcesBuildPhase;
			buildActionMask = 2147483647;
			files = (
				35BD54BC2925D498008F96AC /* SecretAgentTests.swift in Sources */,
			);
			runOnlyForDeploymentPostprocessing = 0;
		};
		35BD54BD2925D498008F96AC /* Sources */ = {
			isa = PBXSourcesBuildPhase;
			buildActionMask = 2147483647;
			files = (
				35BD54C82925D498008F96AC /* SecretAgentUITestsLaunchTests.swift in Sources */,
				35BD54C62925D498008F96AC /* SecretAgentUITests.swift in Sources */,
			);
			runOnlyForDeploymentPostprocessing = 0;
		};
/* End PBXSourcesBuildPhase section */

/* Begin PBXTargetDependency section */
		35BD54B92925D498008F96AC /* PBXTargetDependency */ = {
			isa = PBXTargetDependency;
			target = 35BD549D2925D497008F96AC /* SecretAgent */;
			targetProxy = 35BD54B82925D498008F96AC /* PBXContainerItemProxy */;
		};
		35BD54C32925D498008F96AC /* PBXTargetDependency */ = {
			isa = PBXTargetDependency;
			target = 35BD549D2925D497008F96AC /* SecretAgent */;
			targetProxy = 35BD54C22925D498008F96AC /* PBXContainerItemProxy */;
		};
/* End PBXTargetDependency section */

/* Begin PBXVariantGroup section */
		35BD54A72925D497008F96AC /* Main.storyboard */ = {
			isa = PBXVariantGroup;
			children = (
				35BD54A82925D497008F96AC /* Base */,
			);
			name = Main.storyboard;
			sourceTree = "<group>";
		};
		35BD54AF2925D498008F96AC /* LaunchScreen.storyboard */ = {
			isa = PBXVariantGroup;
			children = (
				35BD54B02925D498008F96AC /* Base */,
			);
			name = LaunchScreen.storyboard;
			sourceTree = "<group>";
		};
/* End PBXVariantGroup section */

/* Begin XCBuildConfiguration section */
		35BD54C92925D498008F96AC /* Debug */ = {
			isa = XCBuildConfiguration;
			buildSettings = {
				ALWAYS_SEARCH_USER_PATHS = NO;
				CLANG_ANALYZER_NONNULL = YES;
				CLANG_ANALYZER_NUMBER_OBJECT_CONVERSION = YES_AGGRESSIVE;
				CLANG_CXX_LANGUAGE_STANDARD = "gnu++20";
				CLANG_ENABLE_MODULES = YES;
				CLANG_ENABLE_OBJC_ARC = YES;
				CLANG_ENABLE_OBJC_WEAK = YES;
				CLANG_WARN_BLOCK_CAPTURE_AUTORELEASING = YES;
				CLANG_WARN_BOOL_CONVERSION = YES;
				CLANG_WARN_COMMA = YES;
				CLANG_WARN_CONSTANT_CONVERSION = YES;
				CLANG_WARN_DEPRECATED_OBJC_IMPLEMENTATIONS = YES;
				CLANG_WARN_DIRECT_OBJC_ISA_USAGE = YES_ERROR;
				CLANG_WARN_DOCUMENTATION_COMMENTS = YES;
				CLANG_WARN_EMPTY_BODY = YES;
				CLANG_WARN_ENUM_CONVERSION = YES;
				CLANG_WARN_INFINITE_RECURSION = YES;
				CLANG_WARN_INT_CONVERSION = YES;
				CLANG_WARN_NON_LITERAL_NULL_CONVERSION = YES;
				CLANG_WARN_OBJC_IMPLICIT_RETAIN_SELF = YES;
				CLANG_WARN_OBJC_LITERAL_CONVERSION = YES;
				CLANG_WARN_OBJC_ROOT_CLASS = YES_ERROR;
				CLANG_WARN_QUOTED_INCLUDE_IN_FRAMEWORK_HEADER = YES;
				CLANG_WARN_RANGE_LOOP_ANALYSIS = YES;
				CLANG_WARN_STRICT_PROTOTYPES = YES;
				CLANG_WARN_SUSPICIOUS_MOVE = YES;
				CLANG_WARN_UNGUARDED_AVAILABILITY = YES_AGGRESSIVE;
				CLANG_WARN_UNREACHABLE_CODE = YES;
				CLANG_WARN__DUPLICATE_METHOD_MATCH = YES;
				COPY_PHASE_STRIP = NO;
				DEBUG_INFORMATION_FORMAT = dwarf;
				ENABLE_STRICT_OBJC_MSGSEND = YES;
				ENABLE_TESTABILITY = YES;
				GCC_C_LANGUAGE_STANDARD = gnu11;
				GCC_DYNAMIC_NO_PIC = NO;
				GCC_NO_COMMON_BLOCKS = YES;
				GCC_OPTIMIZATION_LEVEL = 0;
				GCC_PREPROCESSOR_DEFINITIONS = (
					"DEBUG=1",
					"$(inherited)",
				);
				GCC_WARN_64_TO_32_BIT_CONVERSION = YES;
				GCC_WARN_ABOUT_RETURN_TYPE = YES_ERROR;
				GCC_WARN_UNDECLARED_SELECTOR = YES;
				GCC_WARN_UNINITIALIZED_AUTOS = YES_AGGRESSIVE;
				GCC_WARN_UNUSED_FUNCTION = YES;
				GCC_WARN_UNUSED_VARIABLE = YES;
				IPHONEOS_DEPLOYMENT_TARGET = 16.0;
				MTL_ENABLE_DEBUG_INFO = INCLUDE_SOURCE;
				MTL_FAST_MATH = YES;
				ONLY_ACTIVE_ARCH = YES;
				SDKROOT = iphoneos;
				SWIFT_ACTIVE_COMPILATION_CONDITIONS = DEBUG;
				SWIFT_OPTIMIZATION_LEVEL = "-Onone";
			};
			name = Debug;
		};
		35BD54CA2925D498008F96AC /* Release */ = {
			isa = XCBuildConfiguration;
			buildSettings = {
				ALWAYS_SEARCH_USER_PATHS = NO;
				CLANG_ANALYZER_NONNULL = YES;
				CLANG_ANALYZER_NUMBER_OBJECT_CONVERSION = YES_AGGRESSIVE;
				CLANG_CXX_LANGUAGE_STANDARD = "gnu++20";
				CLANG_ENABLE_MODULES = YES;
				CLANG_ENABLE_OBJC_ARC = YES;
				CLANG_ENABLE_OBJC_WEAK = YES;
				CLANG_WARN_BLOCK_CAPTURE_AUTORELEASING = YES;
				CLANG_WARN_BOOL_CONVERSION = YES;
				CLANG_WARN_COMMA = YES;
				CLANG_WARN_CONSTANT_CONVERSION = YES;
				CLANG_WARN_DEPRECATED_OBJC_IMPLEMENTATIONS = YES;
				CLANG_WARN_DIRECT_OBJC_ISA_USAGE = YES_ERROR;
				CLANG_WARN_DOCUMENTATION_COMMENTS = YES;
				CLANG_WARN_EMPTY_BODY = YES;
				CLANG_WARN_ENUM_CONVERSION = YES;
				CLANG_WARN_INFINITE_RECURSION = YES;
				CLANG_WARN_INT_CONVERSION = YES;
				CLANG_WARN_NON_LITERAL_NULL_CONVERSION = YES;
				CLANG_WARN_OBJC_IMPLICIT_RETAIN_SELF = YES;
				CLANG_WARN_OBJC_LITERAL_CONVERSION = YES;
				CLANG_WARN_OBJC_ROOT_CLASS = YES_ERROR;
				CLANG_WARN_QUOTED_INCLUDE_IN_FRAMEWORK_HEADER = YES;
				CLANG_WARN_RANGE_LOOP_ANALYSIS = YES;
				CLANG_WARN_STRICT_PROTOTYPES = YES;
				CLANG_WARN_SUSPICIOUS_MOVE = YES;
				CLANG_WARN_UNGUARDED_AVAILABILITY = YES_AGGRESSIVE;
				CLANG_WARN_UNREACHABLE_CODE = YES;
				CLANG_WARN__DUPLICATE_METHOD_MATCH = YES;
				COPY_PHASE_STRIP = NO;
				DEBUG_INFORMATION_FORMAT = "dwarf-with-dsym";
				ENABLE_NS_ASSERTIONS = NO;
				ENABLE_STRICT_OBJC_MSGSEND = YES;
				GCC_C_LANGUAGE_STANDARD = gnu11;
				GCC_NO_COMMON_BLOCKS = YES;
				GCC_WARN_64_TO_32_BIT_CONVERSION = YES;
				GCC_WARN_ABOUT_RETURN_TYPE = YES_ERROR;
				GCC_WARN_UNDECLARED_SELECTOR = YES;
				GCC_WARN_UNINITIALIZED_AUTOS = YES_AGGRESSIVE;
				GCC_WARN_UNUSED_FUNCTION = YES;
				GCC_WARN_UNUSED_VARIABLE = YES;
				IPHONEOS_DEPLOYMENT_TARGET = 16.0;
				MTL_ENABLE_DEBUG_INFO = NO;
				MTL_FAST_MATH = YES;
				SDKROOT = iphoneos;
				SWIFT_COMPILATION_MODE = wholemodule;
				SWIFT_OPTIMIZATION_LEVEL = "-O";
				VALIDATE_PRODUCT = YES;
			};
			name = Release;
		};
		35BD54CC2925D498008F96AC /* Debug */ = {
			isa = XCBuildConfiguration;
			buildSettings = {
				ASSETCATALOG_COMPILER_APPICON_NAME = AppIcon;
				ASSETCATALOG_COMPILER_GLOBAL_ACCENT_COLOR_NAME = AccentColor;
				CODE_SIGN_STYLE = Automatic;
				CURRENT_PROJECT_VERSION = 1;
				DEVELOPMENT_TEAM = "";
				GENERATE_INFOPLIST_FILE = YES;
				INFOPLIST_FILE = SecretAgent/Info.plist;
				INFOPLIST_KEY_UIApplicationSupportsIndirectInputEvents = YES;
				INFOPLIST_KEY_UILaunchStoryboardName = LaunchScreen;
				INFOPLIST_KEY_UIMainStoryboardFile = Main;
				INFOPLIST_KEY_UISupportedInterfaceOrientations = UIInterfaceOrientationPortrait;
				IPHONEOS_DEPLOYMENT_TARGET = 14.0;
				LD_RUNPATH_SEARCH_PATHS = (
					"$(inherited)",
					"@executable_path/Frameworks",
				);
				MARKETING_VERSION = 1.0;
				PRODUCT_BUNDLE_IDENTIFIER = com.fourfour.SecretAgent;
				PRODUCT_NAME = "$(TARGET_NAME)";
				SUPPORTED_PLATFORMS = "iphoneos iphonesimulator";
				SUPPORTS_MACCATALYST = NO;
				SUPPORTS_MAC_DESIGNED_FOR_IPHONE_IPAD = NO;
				SWIFT_EMIT_LOC_STRINGS = YES;
				SWIFT_VERSION = 5.0;
				TARGETED_DEVICE_FAMILY = "1,2";
			};
			name = Debug;
		};
		35BD54CD2925D498008F96AC /* Release */ = {
			isa = XCBuildConfiguration;
			buildSettings = {
				ASSETCATALOG_COMPILER_APPICON_NAME = AppIcon;
				ASSETCATALOG_COMPILER_GLOBAL_ACCENT_COLOR_NAME = AccentColor;
				CODE_SIGN_STYLE = Automatic;
				CURRENT_PROJECT_VERSION = 1;
				DEVELOPMENT_TEAM = "";
				GENERATE_INFOPLIST_FILE = YES;
				INFOPLIST_FILE = SecretAgent/Info.plist;
				INFOPLIST_KEY_UIApplicationSupportsIndirectInputEvents = YES;
				INFOPLIST_KEY_UILaunchStoryboardName = LaunchScreen;
				INFOPLIST_KEY_UIMainStoryboardFile = Main;
				INFOPLIST_KEY_UISupportedInterfaceOrientations = UIInterfaceOrientationPortrait;
				IPHONEOS_DEPLOYMENT_TARGET = 14.0;
				LD_RUNPATH_SEARCH_PATHS = (
					"$(inherited)",
					"@executable_path/Frameworks",
				);
				MARKETING_VERSION = 1.0;
				PRODUCT_BUNDLE_IDENTIFIER = com.fourfour.SecretAgent;
				PRODUCT_NAME = "$(TARGET_NAME)";
				SUPPORTED_PLATFORMS = "iphoneos iphonesimulator";
				SUPPORTS_MACCATALYST = NO;
				SUPPORTS_MAC_DESIGNED_FOR_IPHONE_IPAD = NO;
				SWIFT_EMIT_LOC_STRINGS = YES;
				SWIFT_VERSION = 5.0;
				TARGETED_DEVICE_FAMILY = "1,2";
			};
			name = Release;
		};
		35BD54CF2925D498008F96AC /* Debug */ = {
			isa = XCBuildConfiguration;
			buildSettings = {
				ALWAYS_EMBED_SWIFT_STANDARD_LIBRARIES = YES;
				BUNDLE_LOADER = "$(TEST_HOST)";
				CODE_SIGN_STYLE = Automatic;
				CURRENT_PROJECT_VERSION = 1;
				DEVELOPMENT_TEAM = J85NQ6YL4V;
				GENERATE_INFOPLIST_FILE = YES;
				IPHONEOS_DEPLOYMENT_TARGET = 16.0;
				MARKETING_VERSION = 1.0;
				PRODUCT_BUNDLE_IDENTIFIER = com.fourfour.SecretAgentTests;
				PRODUCT_NAME = "$(TARGET_NAME)";
				SWIFT_EMIT_LOC_STRINGS = NO;
				SWIFT_VERSION = 5.0;
				TARGETED_DEVICE_FAMILY = "1,2";
				TEST_HOST = "$(BUILT_PRODUCTS_DIR)/SecretAgent.app/$(BUNDLE_EXECUTABLE_FOLDER_PATH)/SecretAgent";
			};
			name = Debug;
		};
		35BD54D02925D498008F96AC /* Release */ = {
			isa = XCBuildConfiguration;
			buildSettings = {
				ALWAYS_EMBED_SWIFT_STANDARD_LIBRARIES = YES;
				BUNDLE_LOADER = "$(TEST_HOST)";
				CODE_SIGN_STYLE = Automatic;
				CURRENT_PROJECT_VERSION = 1;
				DEVELOPMENT_TEAM = J85NQ6YL4V;
				GENERATE_INFOPLIST_FILE = YES;
				IPHONEOS_DEPLOYMENT_TARGET = 16.0;
				MARKETING_VERSION = 1.0;
				PRODUCT_BUNDLE_IDENTIFIER = com.fourfour.SecretAgentTests;
				PRODUCT_NAME = "$(TARGET_NAME)";
				SWIFT_EMIT_LOC_STRINGS = NO;
				SWIFT_VERSION = 5.0;
				TARGETED_DEVICE_FAMILY = "1,2";
				TEST_HOST = "$(BUILT_PRODUCTS_DIR)/SecretAgent.app/$(BUNDLE_EXECUTABLE_FOLDER_PATH)/SecretAgent";
			};
			name = Release;
		};
		35BD54D22925D498008F96AC /* Debug */ = {
			isa = XCBuildConfiguration;
			buildSettings = {
				ALWAYS_EMBED_SWIFT_STANDARD_LIBRARIES = YES;
				CODE_SIGN_STYLE = Automatic;
				CURRENT_PROJECT_VERSION = 1;
				DEVELOPMENT_TEAM = J85NQ6YL4V;
				GENERATE_INFOPLIST_FILE = YES;
				MARKETING_VERSION = 1.0;
				PRODUCT_BUNDLE_IDENTIFIER = com.fourfour.SecretAgentUITests;
				PRODUCT_NAME = "$(TARGET_NAME)";
				SWIFT_EMIT_LOC_STRINGS = NO;
				SWIFT_VERSION = 5.0;
				TARGETED_DEVICE_FAMILY = "1,2";
				TEST_TARGET_NAME = SecretAgent;
			};
			name = Debug;
		};
		35BD54D32925D498008F96AC /* Release */ = {
			isa = XCBuildConfiguration;
			buildSettings = {
				ALWAYS_EMBED_SWIFT_STANDARD_LIBRARIES = YES;
				CODE_SIGN_STYLE = Automatic;
				CURRENT_PROJECT_VERSION = 1;
				DEVELOPMENT_TEAM = J85NQ6YL4V;
				GENERATE_INFOPLIST_FILE = YES;
				MARKETING_VERSION = 1.0;
				PRODUCT_BUNDLE_IDENTIFIER = com.fourfour.SecretAgentUITests;
				PRODUCT_NAME = "$(TARGET_NAME)";
				SWIFT_EMIT_LOC_STRINGS = NO;
				SWIFT_VERSION = 5.0;
				TARGETED_DEVICE_FAMILY = "1,2";
				TEST_TARGET_NAME = SecretAgent;
			};
			name = Release;
		};
/* End XCBuildConfiguration section */

/* Begin XCConfigurationList section */
		35BD54992925D497008F96AC /* Build configuration list for PBXProject "SecretAgent" */ = {
			isa = XCConfigurationList;
			buildConfigurations = (
				35BD54C92925D498008F96AC /* Debug */,
				35BD54CA2925D498008F96AC /* Release */,
			);
			defaultConfigurationIsVisible = 0;
			defaultConfigurationName = Release;
		};
		35BD54CB2925D498008F96AC /* Build configuration list for PBXNativeTarget "SecretAgent" */ = {
			isa = XCConfigurationList;
			buildConfigurations = (
				35BD54CC2925D498008F96AC /* Debug */,
				35BD54CD2925D498008F96AC /* Release */,
			);
			defaultConfigurationIsVisible = 0;
			defaultConfigurationName = Release;
		};
		35BD54CE2925D498008F96AC /* Build configuration list for PBXNativeTarget "SecretAgentTests" */ = {
			isa = XCConfigurationList;
			buildConfigurations = (
				35BD54CF2925D498008F96AC /* Debug */,
				35BD54D02925D498008F96AC /* Release */,
			);
			defaultConfigurationIsVisible = 0;
			defaultConfigurationName = Release;
		};
		35BD54D12925D498008F96AC /* Build configuration list for PBXNativeTarget "SecretAgentUITests" */ = {
			isa = XCConfigurationList;
			buildConfigurations = (
				35BD54D22925D498008F96AC /* Debug */,
				35BD54D32925D498008F96AC /* Release */,
			);
			defaultConfigurationIsVisible = 0;
			defaultConfigurationName = Release;
		};
/* End XCConfigurationList section */

/* Begin XCRemoteSwiftPackageReference section */
		35BD54D42925D75A008F96AC /* XCRemoteSwiftPackageReference "SnapKit" */ = {
			isa = XCRemoteSwiftPackageReference;
			repositoryURL = "https://github.com/SnapKit/SnapKit";
			requirement = {
				kind = upToNextMinorVersion;
				minimumVersion = 5.6.0;
			};
		};
/* End XCRemoteSwiftPackageReference section */

/* Begin XCSwiftPackageProductDependency section */
		35BD54D52925D75A008F96AC /* SnapKit */ = {
			isa = XCSwiftPackageProductDependency;
			package = 35BD54D42925D75A008F96AC /* XCRemoteSwiftPackageReference "SnapKit" */;
			productName = SnapKit;
		};
/* End XCSwiftPackageProductDependency section */

/* Begin XCVersionGroup section */
		35BD54AA2925D497008F96AC /* SecretAgent.xcdatamodeld */ = {
			isa = XCVersionGroup;
			children = (
				35BD54AB2925D497008F96AC /* SecretAgent.xcdatamodel */,
			);
			currentVersion = 35BD54AB2925D497008F96AC /* SecretAgent.xcdatamodel */;
			path = SecretAgent.xcdatamodeld;
			sourceTree = "<group>";
			versionGroupType = wrapper.xcdatamodel;
		};
/* End XCVersionGroup section */
	};
	rootObject = 35BD54962925D497008F96AC /* Project object */;
}
